
Microsoft Visual Studio Solution File, Format Version 12.00
# Visual Studio Version 16
VisualStudioVersion = 16.0.31624.102
MinimumVisualStudioVersion = 10.0.40219.1
Project("{FAE04EC0-301F-11D3-BF4B-00C04F79EFBC}") = "Party Management", "Party Management.csproj", "{FBD1E1C6-020E-4C18-99C7-D6DFD79D4A34}"
EndProject
Global
	GlobalSection(SolutionConfigurationPlatforms) = preSolution
		Debug|Any CPU = Debug|Any CPU
		Release|Any CPU = Release|Any CPU
	EndGlobalSection
	GlobalSection(ProjectConfigurationPlatforms) = postSolution
		{FBD1E1C6-020E-4C18-99C7-D6DFD79D4A34}.Debug|Any CPU.ActiveCfg = Debug|Any CPU
		{FBD1E1C6-020E-4C18-99C7-D6DFD79D4A34}.Debug|Any CPU.Build.0 = Debug|Any CPU
		{FBD1E1C6-020E-4C18-99C7-D6DFD79D4A34}.Release|Any CPU.ActiveCfg = Release|Any CPU
		{FBD1E1C6-020E-4C18-99C7-D6DFD79D4A34}.Release|Any CPU.Build.0 = Release|Any CPU
	EndGlobalSection
	GlobalSection(SolutionProperties) = preSolution
		HideSolutionNode = FALSE
	EndGlobalSection
	GlobalSection(ExtensibilityGlobals) = postSolution
		SolutionGuid = {EA8B0056-C3C6-48F5-95C9-7598C101A8EA}
	EndGlobalSection
EndGlobal
